// !$*UTF8*$!
{
	archiveVersion = 1;
	classes = {
	};
	objectVersion = 50;
	objects = {

/* Begin PBXBuildFile section */
		C10E1EB924EA5F96004E05B5 /* AppDelegate.swift in Sources */ = {isa = PBXBuildFile; fileRef = C10E1EB824EA5F96004E05B5 /* AppDelegate.swift */; };
		C10E1EBD24EA5F96004E05B5 /* Actions.sks in Resources */ = {isa = PBXBuildFile; fileRef = C10E1EBC24EA5F96004E05B5 /* Actions.sks */; };
		C10E1EBF24EA5F96004E05B5 /* Level1.swift in Sources */ = {isa = PBXBuildFile; fileRef = C10E1EBE24EA5F96004E05B5 /* Level1.swift */; };
		C10E1EC124EA5F96004E05B5 /* GameViewController.swift in Sources */ = {isa = PBXBuildFile; fileRef = C10E1EC024EA5F96004E05B5 /* GameViewController.swift */; };
		C10E1EC424EA5F96004E05B5 /* Main.storyboard in Resources */ = {isa = PBXBuildFile; fileRef = C10E1EC224EA5F96004E05B5 /* Main.storyboard */; };
		C10E1EC924EA5F9C004E05B5 /* LaunchScreen.storyboard in Resources */ = {isa = PBXBuildFile; fileRef = C10E1EC724EA5F9C004E05B5 /* LaunchScreen.storyboard */; };
		C10E1ED524EA6025004E05B5 /* Assets.xcassets in Resources */ = {isa = PBXBuildFile; fileRef = C10E1ED324EA6025004E05B5 /* Assets.xcassets */; };
		C10E1EDB24EA6D03004E05B5 /* Circle.sks in Resources */ = {isa = PBXBuildFile; fileRef = C10E1EDA24EA6D03004E05B5 /* Circle.sks */; };
		C10E1EDD24EA73E0004E05B5 /* Circle.swift in Sources */ = {isa = PBXBuildFile; fileRef = C10E1EDC24EA73E0004E05B5 /* Circle.swift */; };
		C10E1EE524EBC603004E05B5 /* MenuViewController.swift in Sources */ = {isa = PBXBuildFile; fileRef = C10E1EE424EBC603004E05B5 /* MenuViewController.swift */; };
		C10E1EE824EBC827004E05B5 /* CustomButton.swift in Sources */ = {isa = PBXBuildFile; fileRef = C10E1EE724EBC827004E05B5 /* CustomButton.swift */; };
		C10E1EED24EC2B68004E05B5 /* LevelsViewController.swift in Sources */ = {isa = PBXBuildFile; fileRef = C10E1EEC24EC2B68004E05B5 /* LevelsViewController.swift */; };
		C10E1EF524ED61BA004E05B5 /* GameOverViewController.swift in Sources */ = {isa = PBXBuildFile; fileRef = C10E1EF424ED61B9004E05B5 /* GameOverViewController.swift */; };
		C10E1EF924EE725B004E05B5 /* Level2.swift in Sources */ = {isa = PBXBuildFile; fileRef = C10E1EF824EE725B004E05B5 /* Level2.swift */; };
		C10E1EFC24EE735C004E05B5 /* ExplosionService.swift in Sources */ = {isa = PBXBuildFile; fileRef = C10E1EFB24EE735B004E05B5 /* ExplosionService.swift */; };
		C1435B2824F4044100158DE9 /* CloseButton.swift in Sources */ = {isa = PBXBuildFile; fileRef = C1435B2724F4044100158DE9 /* CloseButton.swift */; };
		C1435B2C24F7A9B700158DE9 /* SettingsViewController.swift in Sources */ = {isa = PBXBuildFile; fileRef = C1435B2B24F7A9B700158DE9 /* SettingsViewController.swift */; };
		C1435B3024F907E200158DE9 /* bubble3.mp3 in Resources */ = {isa = PBXBuildFile; fileRef = C1435B2E24F907E100158DE9 /* bubble3.mp3 */; };
		C1435B3124F907E200158DE9 /* bubble2.mp3 in Resources */ = {isa = PBXBuildFile; fileRef = C1435B2F24F907E200158DE9 /* bubble2.mp3 */; };
		C171BB5F24EECB2F00466CB7 /* Palette.swift in Sources */ = {isa = PBXBuildFile; fileRef = C171BB5E24EECB2F00466CB7 /* Palette.swift */; };
		C195301924F1386E0080B9F9 /* PercentLayoutConstraint.swift in Sources */ = {isa = PBXBuildFile; fileRef = C195301824F1386E0080B9F9 /* PercentLayoutConstraint.swift */; };
		C195301B24F1536B0080B9F9 /* LevelCollectionViewCell.swift in Sources */ = {isa = PBXBuildFile; fileRef = C195301A24F1536B0080B9F9 /* LevelCollectionViewCell.swift */; };
		C195301D24F153FE0080B9F9 /* Level.swift in Sources */ = {isa = PBXBuildFile; fileRef = C195301C24F153FE0080B9F9 /* Level.swift */; };
		C195302024F158B80080B9F9 /* LevelsData.txt in Resources */ = {isa = PBXBuildFile; fileRef = C195301F24F158B80080B9F9 /* LevelsData.txt */; };
		C195302224F2A2140080B9F9 /* Kosko.ttf in Resources */ = {isa = PBXBuildFile; fileRef = C195302124F28E630080B9F9 /* Kosko.ttf */; };
/* End PBXBuildFile section */

/* Begin PBXFileReference section */
		C10E1EB524EA5F96004E05B5 /* TapTheCircle.app */ = {isa = PBXFileReference; explicitFileType = wrapper.application; includeInIndex = 0; path = TapTheCircle.app; sourceTree = BUILT_PRODUCTS_DIR; };
		C10E1EB824EA5F96004E05B5 /* AppDelegate.swift */ = {isa = PBXFileReference; lastKnownFileType = sourcecode.swift; path = AppDelegate.swift; sourceTree = "<group>"; };
		C10E1EBC24EA5F96004E05B5 /* Actions.sks */ = {isa = PBXFileReference; lastKnownFileType = file.sks; path = Actions.sks; sourceTree = "<group>"; };
		C10E1EBE24EA5F96004E05B5 /* Level1.swift */ = {isa = PBXFileReference; lastKnownFileType = sourcecode.swift; path = Level1.swift; sourceTree = "<group>"; };
		C10E1EC024EA5F96004E05B5 /* GameViewController.swift */ = {isa = PBXFileReference; lastKnownFileType = sourcecode.swift; path = GameViewController.swift; sourceTree = "<group>"; };
		C10E1EC324EA5F96004E05B5 /* Base */ = {isa = PBXFileReference; lastKnownFileType = file.storyboard; name = Base; path = Base.lproj/Main.storyboard; sourceTree = "<group>"; };
		C10E1EC824EA5F9C004E05B5 /* Base */ = {isa = PBXFileReference; lastKnownFileType = file.storyboard; name = Base; path = Base.lproj/LaunchScreen.storyboard; sourceTree = "<group>"; };
		C10E1ECA24EA5F9C004E05B5 /* Info.plist */ = {isa = PBXFileReference; lastKnownFileType = text.plist.xml; path = Info.plist; sourceTree = "<group>"; };
		C10E1ED324EA6025004E05B5 /* Assets.xcassets */ = {isa = PBXFileReference; lastKnownFileType = folder.assetcatalog; path = Assets.xcassets; sourceTree = "<group>"; };
		C10E1EDA24EA6D03004E05B5 /* Circle.sks */ = {isa = PBXFileReference; lastKnownFileType = file.sks; path = Circle.sks; sourceTree = "<group>"; };
		C10E1EDC24EA73E0004E05B5 /* Circle.swift */ = {isa = PBXFileReference; lastKnownFileType = sourcecode.swift; path = Circle.swift; sourceTree = "<group>"; };
		C10E1EE424EBC603004E05B5 /* MenuViewController.swift */ = {isa = PBXFileReference; lastKnownFileType = sourcecode.swift; path = MenuViewController.swift; sourceTree = "<group>"; };
		C10E1EE724EBC827004E05B5 /* CustomButton.swift */ = {isa = PBXFileReference; lastKnownFileType = sourcecode.swift; path = CustomButton.swift; sourceTree = "<group>"; };
		C10E1EEC24EC2B68004E05B5 /* LevelsViewController.swift */ = {isa = PBXFileReference; lastKnownFileType = sourcecode.swift; path = LevelsViewController.swift; sourceTree = "<group>"; };
		C10E1EF424ED61B9004E05B5 /* GameOverViewController.swift */ = {isa = PBXFileReference; lastKnownFileType = sourcecode.swift; path = GameOverViewController.swift; sourceTree = "<group>"; };
		C10E1EF824EE725B004E05B5 /* Level2.swift */ = {isa = PBXFileReference; lastKnownFileType = sourcecode.swift; path = Level2.swift; sourceTree = "<group>"; };
		C10E1EFB24EE735B004E05B5 /* ExplosionService.swift */ = {isa = PBXFileReference; lastKnownFileType = sourcecode.swift; path = ExplosionService.swift; sourceTree = "<group>"; };
		C1435B2724F4044100158DE9 /* CloseButton.swift */ = {isa = PBXFileReference; lastKnownFileType = sourcecode.swift; path = CloseButton.swift; sourceTree = "<group>"; };
		C1435B2B24F7A9B700158DE9 /* SettingsViewController.swift */ = {isa = PBXFileReference; lastKnownFileType = sourcecode.swift; path = SettingsViewController.swift; sourceTree = "<group>"; };
		C1435B2E24F907E100158DE9 /* bubble3.mp3 */ = {isa = PBXFileReference; lastKnownFileType = audio.mp3; path = bubble3.mp3; sourceTree = "<group>"; };
		C1435B2F24F907E200158DE9 /* bubble2.mp3 */ = {isa = PBXFileReference; lastKnownFileType = audio.mp3; path = bubble2.mp3; sourceTree = "<group>"; };
		C171BB5E24EECB2F00466CB7 /* Palette.swift */ = {isa = PBXFileReference; lastKnownFileType = sourcecode.swift; path = Palette.swift; sourceTree = "<group>"; };
		C195301824F1386E0080B9F9 /* PercentLayoutConstraint.swift */ = {isa = PBXFileReference; lastKnownFileType = sourcecode.swift; path = PercentLayoutConstraint.swift; sourceTree = "<group>"; };
		C195301A24F1536B0080B9F9 /* LevelCollectionViewCell.swift */ = {isa = PBXFileReference; lastKnownFileType = sourcecode.swift; path = LevelCollectionViewCell.swift; sourceTree = "<group>"; };
		C195301C24F153FE0080B9F9 /* Level.swift */ = {isa = PBXFileReference; lastKnownFileType = sourcecode.swift; path = Level.swift; sourceTree = "<group>"; };
		C195301F24F158B80080B9F9 /* LevelsData.txt */ = {isa = PBXFileReference; fileEncoding = 4; lastKnownFileType = text; path = LevelsData.txt; sourceTree = "<group>"; };
		C195302124F28E630080B9F9 /* Kosko.ttf */ = {isa = PBXFileReference; lastKnownFileType = file; path = Kosko.ttf; sourceTree = "<group>"; };
/* End PBXFileReference section */

/* Begin PBXFrameworksBuildPhase section */
		C10E1EB224EA5F96004E05B5 /* Frameworks */ = {
			isa = PBXFrameworksBuildPhase;
			buildActionMask = 2147483647;
			files = (
			);
			runOnlyForDeploymentPostprocessing = 0;
		};
/* End PBXFrameworksBuildPhase section */

/* Begin PBXGroup section */
		C10E1EAC24EA5F95004E05B5 = {
			isa = PBXGroup;
			children = (
				C10E1EB724EA5F96004E05B5 /* TapTheCircle */,
				C10E1EB624EA5F96004E05B5 /* Products */,
			);
			sourceTree = "<group>";
		};
		C10E1EB624EA5F96004E05B5 /* Products */ = {
			isa = PBXGroup;
			children = (
				C10E1EB524EA5F96004E05B5 /* TapTheCircle.app */,
			);
			name = Products;
			sourceTree = "<group>";
		};
		C10E1EB724EA5F96004E05B5 /* TapTheCircle */ = {
			isa = PBXGroup;
			children = (
				C10E1EB824EA5F96004E05B5 /* AppDelegate.swift */,
				C10E1EC224EA5F96004E05B5 /* Main.storyboard */,
				C10E1EC724EA5F9C004E05B5 /* LaunchScreen.storyboard */,
				C10E1EE124EBC2F6004E05B5 /* Menu */,
				C10E1EEB24EC2B30004E05B5 /* Levels */,
				C10E1EE624EBC74F004E05B5 /* Game */,
				C1435B2924F7A96A00158DE9 /* Settings */,
				C10E1ECA24EA5F9C004E05B5 /* Info.plist */,
				C171BB5D24EECAFE00466CB7 /* Design */,
			);
			path = TapTheCircle;
			sourceTree = "<group>";
		};
		C10E1EDE24EBC281004E05B5 /* Levels */ = {
			isa = PBXGroup;
			children = (
				C10E1EBC24EA5F96004E05B5 /* Actions.sks */,
				C10E1EBE24EA5F96004E05B5 /* Level1.swift */,
				C10E1EF824EE725B004E05B5 /* Level2.swift */,
			);
			path = Levels;
			sourceTree = "<group>";
		};
		C10E1EDF24EBC2A6004E05B5 /* Emitter */ = {
			isa = PBXGroup;
			children = (
				C10E1EDA24EA6D03004E05B5 /* Circle.sks */,
			);
			path = Emitter;
			sourceTree = "<group>";
		};
		C10E1EE024EBC2BC004E05B5 /* Models */ = {
			isa = PBXGroup;
			children = (
				C10E1EDC24EA73E0004E05B5 /* Circle.swift */,
				C1435B2724F4044100158DE9 /* CloseButton.swift */,
			);
			path = Models;
			sourceTree = "<group>";
		};
		C10E1EE124EBC2F6004E05B5 /* Menu */ = {
			isa = PBXGroup;
			children = (
				C10E1EEA24EC2AEE004E05B5 /* Controller */,
			);
			path = Menu;
			sourceTree = "<group>";
		};
		C10E1EE624EBC74F004E05B5 /* Game */ = {
			isa = PBXGroup;
			children = (
				C10E1EC024EA5F96004E05B5 /* GameViewController.swift */,
				C10E1EF424ED61B9004E05B5 /* GameOverViewController.swift */,
				C10E1EDE24EBC281004E05B5 /* Levels */,
				C10E1EDF24EBC2A6004E05B5 /* Emitter */,
				C10E1EE024EBC2BC004E05B5 /* Models */,
				C10E1EFA24EE733A004E05B5 /* Services */,
			);
			path = Game;
			sourceTree = "<group>";
		};
		C10E1EEA24EC2AEE004E05B5 /* Controller */ = {
			isa = PBXGroup;
			children = (
				C10E1EE424EBC603004E05B5 /* MenuViewController.swift */,
			);
			path = Controller;
			sourceTree = "<group>";
		};
		C10E1EEB24EC2B30004E05B5 /* Levels */ = {
			isa = PBXGroup;
			children = (
				C195301E24F154050080B9F9 /* Model */,
				C10E1EEF24EC2D3F004E05B5 /* View */,
				C10E1EEE24EC2B71004E05B5 /* Controller */,
			);
			path = Levels;
			sourceTree = "<group>";
		};
		C10E1EEE24EC2B71004E05B5 /* Controller */ = {
			isa = PBXGroup;
			children = (
				C10E1EEC24EC2B68004E05B5 /* LevelsViewController.swift */,
			);
			path = Controller;
			sourceTree = "<group>";
		};
		C10E1EEF24EC2D3F004E05B5 /* View */ = {
			isa = PBXGroup;
			children = (
				C195301A24F1536B0080B9F9 /* LevelCollectionViewCell.swift */,
			);
			path = View;
			sourceTree = "<group>";
		};
		C10E1EFA24EE733A004E05B5 /* Services */ = {
			isa = PBXGroup;
			children = (
				C10E1EFB24EE735B004E05B5 /* ExplosionService.swift */,
			);
			path = Services;
			sourceTree = "<group>";
		};
		C1435B2924F7A96A00158DE9 /* Settings */ = {
			isa = PBXGroup;
			children = (
				C1435B2A24F7A97900158DE9 /* Controller */,
			);
			path = Settings;
			sourceTree = "<group>";
		};
		C1435B2A24F7A97900158DE9 /* Controller */ = {
			isa = PBXGroup;
			children = (
				C1435B2B24F7A9B700158DE9 /* SettingsViewController.swift */,
			);
			path = Controller;
			sourceTree = "<group>";
		};
		C1435B2D24F907CF00158DE9 /* Music */ = {
			isa = PBXGroup;
			children = (
				C1435B2F24F907E200158DE9 /* bubble2.mp3 */,
				C1435B2E24F907E100158DE9 /* bubble3.mp3 */,
			);
			path = Music;
			sourceTree = "<group>";
		};
		C171BB5D24EECAFE00466CB7 /* Design */ = {
			isa = PBXGroup;
			children = (
				C1435B2D24F907CF00158DE9 /* Music */,
				C10E1ED324EA6025004E05B5 /* Assets.xcassets */,
				C195302124F28E630080B9F9 /* Kosko.ttf */,
				C171BB5E24EECB2F00466CB7 /* Palette.swift */,
				C195301824F1386E0080B9F9 /* PercentLayoutConstraint.swift */,
				C10E1EE724EBC827004E05B5 /* CustomButton.swift */,
			);
			path = Design;
			sourceTree = "<group>";
		};
		C195301E24F154050080B9F9 /* Model */ = {
			isa = PBXGroup;
			children = (
				C195301C24F153FE0080B9F9 /* Level.swift */,
				C195301F24F158B80080B9F9 /* LevelsData.txt */,
			);
			path = Model;
			sourceTree = "<group>";
		};
/* End PBXGroup section */

/* Begin PBXNativeTarget section */
		C10E1EB424EA5F96004E05B5 /* TapTheCircle */ = {
			isa = PBXNativeTarget;
			buildConfigurationList = C10E1ECD24EA5F9C004E05B5 /* Build configuration list for PBXNativeTarget "TapTheCircle" */;
			buildPhases = (
				C10E1EB124EA5F96004E05B5 /* Sources */,
				C10E1EB224EA5F96004E05B5 /* Frameworks */,
				C10E1EB324EA5F96004E05B5 /* Resources */,
			);
			buildRules = (
			);
			dependencies = (
			);
			name = TapTheCircle;
			productName = TapTheCircle;
			productReference = C10E1EB524EA5F96004E05B5 /* TapTheCircle.app */;
			productType = "com.apple.product-type.application";
		};
/* End PBXNativeTarget section */

/* Begin PBXProject section */
		C10E1EAD24EA5F95004E05B5 /* Project object */ = {
			isa = PBXProject;
			attributes = {
				LastSwiftUpdateCheck = 1150;
				LastUpgradeCheck = 1150;
				ORGANIZATIONNAME = "Anna Vondrukhova";
				TargetAttributes = {
					C10E1EB424EA5F96004E05B5 = {
						CreatedOnToolsVersion = 11.5;
					};
				};
			};
			buildConfigurationList = C10E1EB024EA5F95004E05B5 /* Build configuration list for PBXProject "TapTheCircle" */;
			compatibilityVersion = "Xcode 9.3";
			developmentRegion = en;
			hasScannedForEncodings = 0;
			knownRegions = (
				en,
				Base,
			);
			mainGroup = C10E1EAC24EA5F95004E05B5;
			productRefGroup = C10E1EB624EA5F96004E05B5 /* Products */;
			projectDirPath = "";
			projectRoot = "";
			targets = (
				C10E1EB424EA5F96004E05B5 /* TapTheCircle */,
			);
		};
/* End PBXProject section */

/* Begin PBXResourcesBuildPhase section */
		C10E1EB324EA5F96004E05B5 /* Resources */ = {
			isa = PBXResourcesBuildPhase;
			buildActionMask = 2147483647;
			files = (
				C1435B3024F907E200158DE9 /* bubble3.mp3 in Resources */,
				C10E1EC424EA5F96004E05B5 /* Main.storyboard in Resources */,
				C195302024F158B80080B9F9 /* LevelsData.txt in Resources */,
				C195302224F2A2140080B9F9 /* Kosko.ttf in Resources */,
				C10E1EC924EA5F9C004E05B5 /* LaunchScreen.storyboard in Resources */,
				C10E1EBD24EA5F96004E05B5 /* Actions.sks in Resources */,
				C10E1ED524EA6025004E05B5 /* Assets.xcassets in Resources */,
				C10E1EDB24EA6D03004E05B5 /* Circle.sks in Resources */,
				C1435B3124F907E200158DE9 /* bubble2.mp3 in Resources */,
			);
			runOnlyForDeploymentPostprocessing = 0;
		};
/* End PBXResourcesBuildPhase section */

/* Begin PBXSourcesBuildPhase section */
		C10E1EB124EA5F96004E05B5 /* Sources */ = {
			isa = PBXSourcesBuildPhase;
			buildActionMask = 2147483647;
			files = (
				C1435B2824F4044100158DE9 /* CloseButton.swift in Sources */,
				C195301B24F1536B0080B9F9 /* LevelCollectionViewCell.swift in Sources */,
				C10E1EBF24EA5F96004E05B5 /* Level1.swift in Sources */,
				C10E1EE824EBC827004E05B5 /* CustomButton.swift in Sources */,
				C10E1EE524EBC603004E05B5 /* MenuViewController.swift in Sources */,
				C10E1EDD24EA73E0004E05B5 /* Circle.swift in Sources */,
				C10E1EF524ED61BA004E05B5 /* GameOverViewController.swift in Sources */,
				C1435B2C24F7A9B700158DE9 /* SettingsViewController.swift in Sources */,
				C195301924F1386E0080B9F9 /* PercentLayoutConstraint.swift in Sources */,
				C10E1EED24EC2B68004E05B5 /* LevelsViewController.swift in Sources */,
				C10E1EC124EA5F96004E05B5 /* GameViewController.swift in Sources */,
				C10E1EB924EA5F96004E05B5 /* AppDelegate.swift in Sources */,
				C10E1EF924EE725B004E05B5 /* Level2.swift in Sources */,
				C10E1EFC24EE735C004E05B5 /* ExplosionService.swift in Sources */,
				C195301D24F153FE0080B9F9 /* Level.swift in Sources */,
				C171BB5F24EECB2F00466CB7 /* Palette.swift in Sources */,
			);
			runOnlyForDeploymentPostprocessing = 0;
		};
/* End PBXSourcesBuildPhase section */

/* Begin PBXVariantGroup section */
		C10E1EC224EA5F96004E05B5 /* Main.storyboard */ = {
			isa = PBXVariantGroup;
			children = (
				C10E1EC324EA5F96004E05B5 /* Base */,
			);
			name = Main.storyboard;
			sourceTree = "<group>";
		};
		C10E1EC724EA5F9C004E05B5 /* LaunchScreen.storyboard */ = {
			isa = PBXVariantGroup;
			children = (
				C10E1EC824EA5F9C004E05B5 /* Base */,
			);
			name = LaunchScreen.storyboard;
			sourceTree = "<group>";
		};
/* End PBXVariantGroup section */

/* Begin XCBuildConfiguration section */
		C10E1ECB24EA5F9C004E05B5 /* Debug */ = {
			isa = XCBuildConfiguration;
			buildSettings = {
				ALWAYS_SEARCH_USER_PATHS = NO;
				CLANG_ANALYZER_NONNULL = YES;
				CLANG_ANALYZER_NUMBER_OBJECT_CONVERSION = YES_AGGRESSIVE;
				CLANG_CXX_LANGUAGE_STANDARD = "gnu++14";
				CLANG_CXX_LIBRARY = "libc++";
				CLANG_ENABLE_MODULES = YES;
				CLANG_ENABLE_OBJC_ARC = YES;
				CLANG_ENABLE_OBJC_WEAK = YES;
				CLANG_WARN_BLOCK_CAPTURE_AUTORELEASING = YES;
				CLANG_WARN_BOOL_CONVERSION = YES;
				CLANG_WARN_COMMA = YES;
				CLANG_WARN_CONSTANT_CONVERSION = YES;
				CLANG_WARN_DEPRECATED_OBJC_IMPLEMENTATIONS = YES;
				CLANG_WARN_DIRECT_OBJC_ISA_USAGE = YES_ERROR;
				CLANG_WARN_DOCUMENTATION_COMMENTS = YES;
				CLANG_WARN_EMPTY_BODY = YES;
				CLANG_WARN_ENUM_CONVERSION = YES;
				CLANG_WARN_INFINITE_RECURSION = YES;
				CLANG_WARN_INT_CONVERSION = YES;
				CLANG_WARN_NON_LITERAL_NULL_CONVERSION = YES;
				CLANG_WARN_OBJC_IMPLICIT_RETAIN_SELF = YES;
				CLANG_WARN_OBJC_LITERAL_CONVERSION = YES;
				CLANG_WARN_OBJC_ROOT_CLASS = YES_ERROR;
				CLANG_WARN_RANGE_LOOP_ANALYSIS = YES;
				CLANG_WARN_STRICT_PROTOTYPES = YES;
				CLANG_WARN_SUSPICIOUS_MOVE = YES;
				CLANG_WARN_UNGUARDED_AVAILABILITY = YES_AGGRESSIVE;
				CLANG_WARN_UNREACHABLE_CODE = YES;
				CLANG_WARN__DUPLICATE_METHOD_MATCH = YES;
				COPY_PHASE_STRIP = NO;
				DEBUG_INFORMATION_FORMAT = dwarf;
				ENABLE_STRICT_OBJC_MSGSEND = YES;
				ENABLE_TESTABILITY = YES;
				GCC_C_LANGUAGE_STANDARD = gnu11;
				GCC_DYNAMIC_NO_PIC = NO;
				GCC_NO_COMMON_BLOCKS = YES;
				GCC_OPTIMIZATION_LEVEL = 0;
				GCC_PREPROCESSOR_DEFINITIONS = (
					"DEBUG=1",
					"$(inherited)",
				);
				GCC_WARN_64_TO_32_BIT_CONVERSION = YES;
				GCC_WARN_ABOUT_RETURN_TYPE = YES_ERROR;
				GCC_WARN_UNDECLARED_SELECTOR = YES;
				GCC_WARN_UNINITIALIZED_AUTOS = YES_AGGRESSIVE;
				GCC_WARN_UNUSED_FUNCTION = YES;
				GCC_WARN_UNUSED_VARIABLE = YES;
				IPHONEOS_DEPLOYMENT_TARGET = 13.5;
				MTL_ENABLE_DEBUG_INFO = INCLUDE_SOURCE;
				MTL_FAST_MATH = YES;
				ONLY_ACTIVE_ARCH = YES;
				SDKROOT = iphoneos;
				SWIFT_ACTIVE_COMPILATION_CONDITIONS = DEBUG;
				SWIFT_OPTIMIZATION_LEVEL = "-Onone";
			};
			name = Debug;
		};
		C10E1ECC24EA5F9C004E05B5 /* Release */ = {
			isa = XCBuildConfiguration;
			buildSettings = {
				ALWAYS_SEARCH_USER_PATHS = NO;
				CLANG_ANALYZER_NONNULL = YES;
				CLANG_ANALYZER_NUMBER_OBJECT_CONVERSION = YES_AGGRESSIVE;
				CLANG_CXX_LANGUAGE_STANDARD = "gnu++14";
				CLANG_CXX_LIBRARY = "libc++";
				CLANG_ENABLE_MODULES = YES;
				CLANG_ENABLE_OBJC_ARC = YES;
				CLANG_ENABLE_OBJC_WEAK = YES;
				CLANG_WARN_BLOCK_CAPTURE_AUTORELEASING = YES;
				CLANG_WARN_BOOL_CONVERSION = YES;
				CLANG_WARN_COMMA = YES;
				CLANG_WARN_CONSTANT_CONVERSION = YES;
				CLANG_WARN_DEPRECATED_OBJC_IMPLEMENTATIONS = YES;
				CLANG_WARN_DIRECT_OBJC_ISA_USAGE = YES_ERROR;
				CLANG_WARN_DOCUMENTATION_COMMENTS = YES;
				CLANG_WARN_EMPTY_BODY = YES;
				CLANG_WARN_ENUM_CONVERSION = YES;
				CLANG_WARN_INFINITE_RECURSION = YES;
				CLANG_WARN_INT_CONVERSION = YES;
				CLANG_WARN_NON_LITERAL_NULL_CONVERSION = YES;
				CLANG_WARN_OBJC_IMPLICIT_RETAIN_SELF = YES;
				CLANG_WARN_OBJC_LITERAL_CONVERSION = YES;
				CLANG_WARN_OBJC_ROOT_CLASS = YES_ERROR;
				CLANG_WARN_RANGE_LOOP_ANALYSIS = YES;
				CLANG_WARN_STRICT_PROTOTYPES = YES;
				CLANG_WARN_SUSPICIOUS_MOVE = YES;
				CLANG_WARN_UNGUARDED_AVAILABILITY = YES_AGGRESSIVE;
				CLANG_WARN_UNREACHABLE_CODE = YES;
				CLANG_WARN__DUPLICATE_METHOD_MATCH = YES;
				COPY_PHASE_STRIP = NO;
				DEBUG_INFORMATION_FORMAT = "dwarf-with-dsym";
				ENABLE_NS_ASSERTIONS = NO;
				ENABLE_STRICT_OBJC_MSGSEND = YES;
				GCC_C_LANGUAGE_STANDARD = gnu11;
				GCC_NO_COMMON_BLOCKS = YES;
				GCC_WARN_64_TO_32_BIT_CONVERSION = YES;
				GCC_WARN_ABOUT_RETURN_TYPE = YES_ERROR;
				GCC_WARN_UNDECLARED_SELECTOR = YES;
				GCC_WARN_UNINITIALIZED_AUTOS = YES_AGGRESSIVE;
				GCC_WARN_UNUSED_FUNCTION = YES;
				GCC_WARN_UNUSED_VARIABLE = YES;
				IPHONEOS_DEPLOYMENT_TARGET = 13.5;
				MTL_ENABLE_DEBUG_INFO = NO;
				MTL_FAST_MATH = YES;
				SDKROOT = iphoneos;
				SWIFT_COMPILATION_MODE = wholemodule;
				SWIFT_OPTIMIZATION_LEVEL = "-O";
				VALIDATE_PRODUCT = YES;
			};
			name = Release;
		};
		C10E1ECE24EA5F9C004E05B5 /* Debug */ = {
			isa = XCBuildConfiguration;
			buildSettings = {
				ASSETCATALOG_COMPILER_APPICON_NAME = AppIcon;
				CODE_SIGN_STYLE = Automatic;
				DEVELOPMENT_TEAM = LV8EDW43XJ;
				INFOPLIST_FILE = TapTheCircle/Info.plist;
				LD_RUNPATH_SEARCH_PATHS = (
					"$(inherited)",
					"@executable_path/Frameworks",
				);
				PRODUCT_BUNDLE_IDENTIFIER = "-11.TapTheCircle";
				PRODUCT_NAME = "$(TARGET_NAME)";
				SWIFT_VERSION = 5.0;
				TARGETED_DEVICE_FAMILY = "1,2";
			};
			name = Debug;
		};
		C10E1ECF24EA5F9C004E05B5 /* Release */ = {
			isa = XCBuildConfiguration;
			buildSettings = {
				ASSETCATALOG_COMPILER_APPICON_NAME = AppIcon;
				CODE_SIGN_STYLE = Automatic;
				DEVELOPMENT_TEAM = LV8EDW43XJ;
				INFOPLIST_FILE = TapTheCircle/Info.plist;
				LD_RUNPATH_SEARCH_PATHS = (
					"$(inherited)",
					"@executable_path/Frameworks",
				);
				PRODUCT_BUNDLE_IDENTIFIER = "-11.TapTheCircle";
				PRODUCT_NAME = "$(TARGET_NAME)";
				SWIFT_VERSION = 5.0;
				TARGETED_DEVICE_FAMILY = "1,2";
			};
			name = Release;
		};
/* End XCBuildConfiguration section */

/* Begin XCConfigurationList section */
		C10E1EB024EA5F95004E05B5 /* Build configuration list for PBXProject "TapTheCircle" */ = {
			isa = XCConfigurationList;
			buildConfigurations = (
				C10E1ECB24EA5F9C004E05B5 /* Debug */,
				C10E1ECC24EA5F9C004E05B5 /* Release */,
			);
			defaultConfigurationIsVisible = 0;
			defaultConfigurationName = Release;
		};
		C10E1ECD24EA5F9C004E05B5 /* Build configuration list for PBXNativeTarget "TapTheCircle" */ = {
			isa = XCConfigurationList;
			buildConfigurations = (
				C10E1ECE24EA5F9C004E05B5 /* Debug */,
				C10E1ECF24EA5F9C004E05B5 /* Release */,
			);
			defaultConfigurationIsVisible = 0;
			defaultConfigurationName = Release;
		};
/* End XCConfigurationList section */
	};
	rootObject = C10E1EAD24EA5F95004E05B5 /* Project object */;
}
